
Microsoft Visual Studio Solution File, Format Version 12.00
# Visual Studio Version 17
VisualStudioVersion = 17.2.32314.265
MinimumVisualStudioVersion = 10.0.40219.1
Project("{FAE04EC0-301F-11D3-BF4B-00C04F79EFBC}") = "GraficoComLiveCharts", "GraficoComLiveCharts.csproj", "{E517D4BE-2BEB-4A58-BB96-0CE7033DDC91}"
EndProject
Global
	GlobalSection(SolutionConfigurationPlatforms) = preSolution
		Debug|Any CPU = Debug|Any CPU
		Release|Any CPU = Release|Any CPU
	EndGlobalSection
	GlobalSection(ProjectConfigurationPlatforms) = postSolution
		{E517D4BE-2BEB-4A58-BB96-0CE7033DDC91}.Debug|Any CPU.ActiveCfg = Debug|Any CPU
		{E517D4BE-2BEB-4A58-BB96-0CE7033DDC91}.Debug|Any CPU.Build.0 = Debug|Any CPU
		{E517D4BE-2BEB-4A58-BB96-0CE7033DDC91}.Release|Any CPU.ActiveCfg = Release|Any CPU
		{E517D4BE-2BEB-4A58-BB96-0CE7033DDC91}.Release|Any CPU.Build.0 = Release|Any CPU
	EndGlobalSection
	GlobalSection(SolutionProperties) = preSolution
		HideSolutionNode = FALSE
	EndGlobalSection
	GlobalSection(ExtensibilityGlobals) = postSolution
		SolutionGuid = {3106565F-356E-48CB-8E55-B2AC96F5734A}
	EndGlobalSection
EndGlobal
